{
  "name": "data-structures",
  "version": "1.0.0",
  "lockfileVersion": 1,
  "requires": true,
  "dependencies": {
    "vanilla-latte-ts": {
      "version": "1.1.6",
      "resolved": "https://registry.npmjs.org/vanilla-latte-ts/-/vanilla-latte-ts-1.1.6.tgz",
      "integrity": "sha512-gr6rKsQsYsEVmEUUDVoZESsYBOR1DMAMfD6CnNlmy8F0x3UQYf3IfFa7o0xkwT2pQfmXkcHfpykPgXH+QWE8pA=="
    }
  }
}
