{
  "name": "data-structures",
  "version": "1.0.0",
  "lockfileVersion": 1,
  "requires": true,
  "dependencies": {
    "vanilla-latte-ts": {
      "version": "1.1.1",
      "resolved": "https://registry.npmjs.org/vanilla-latte-ts/-/vanilla-latte-ts-1.1.1.tgz",
      "integrity": "sha512-fjFQ8u7iJUhKZ+ppf4ZqHPRxyMBGDBoC0g25X9RGBAvUMiFeBM0PT5p4W3FEW+FMA9kc6RFykIT/0/DOBPDdmw=="
    }
  }
}
